
Microsoft Visual Studio Solution File, Format Version 12.00
# Visual Studio Version 17
VisualStudioVersion = 17.3.32922.545
MinimumVisualStudioVersion = 10.0.40219.1
Project("{FAE04EC0-301F-11D3-BF4B-00C04F79EFBC}") = "WebApi", "WebApi\WebApi.csproj", "{668B7D3C-AAAC-40B3-B65B-81F2DF9A60AB}"
EndProject
Global
	GlobalSection(SolutionConfigurationPlatforms) = preSolution
		Debug|Any CPU = Debug|Any CPU
		Release|Any CPU = Release|Any CPU
	EndGlobalSection
	GlobalSection(ProjectConfigurationPlatforms) = postSolution
		{668B7D3C-AAAC-40B3-B65B-81F2DF9A60AB}.Debug|Any CPU.ActiveCfg = Debug|Any CPU
		{668B7D3C-AAAC-40B3-B65B-81F2DF9A60AB}.Debug|Any CPU.Build.0 = Debug|Any CPU
		{668B7D3C-AAAC-40B3-B65B-81F2DF9A60AB}.Release|Any CPU.ActiveCfg = Release|Any CPU
		{668B7D3C-AAAC-40B3-B65B-81F2DF9A60AB}.Release|Any CPU.Build.0 = Release|Any CPU
	EndGlobalSection
	GlobalSection(SolutionProperties) = preSolution
		HideSolutionNode = FALSE
	EndGlobalSection
	GlobalSection(ExtensibilityGlobals) = postSolution
		SolutionGuid = {97308DAC-3F8D-4B16-ABF4-98944361E386}
	EndGlobalSection
EndGlobal
